// !$*UTF8*$!
{
	archiveVersion = 1;
	classes = {
	};
	objectVersion = 50;
	objects = {

/* Begin PBXBuildFile section */
		8DB148FD242E648100CDA1BA /* AppDelegate.swift in Sources */ = {isa = PBXBuildFile; fileRef = 8DB148FC242E648100CDA1BA /* AppDelegate.swift */; };
		8DB148FF242E648100CDA1BA /* SceneDelegate.swift in Sources */ = {isa = PBXBuildFile; fileRef = 8DB148FE242E648100CDA1BA /* SceneDelegate.swift */; };
		8DB14901242E648100CDA1BA /* ViewController.swift in Sources */ = {isa = PBXBuildFile; fileRef = 8DB14900242E648100CDA1BA /* ViewController.swift */; };
		8DB14904242E648100CDA1BA /* Main.storyboard in Resources */ = {isa = PBXBuildFile; fileRef = 8DB14902242E648100CDA1BA /* Main.storyboard */; };
		8DB14907242E648100CDA1BA /* Login_con_CoreData.xcdatamodeld in Sources */ = {isa = PBXBuildFile; fileRef = 8DB14905242E648100CDA1BA /* Login_con_CoreData.xcdatamodeld */; };
		8DB14909242E648400CDA1BA /* Assets.xcassets in Resources */ = {isa = PBXBuildFile; fileRef = 8DB14908242E648400CDA1BA /* Assets.xcassets */; };
		8DB1490C242E648400CDA1BA /* LaunchScreen.storyboard in Resources */ = {isa = PBXBuildFile; fileRef = 8DB1490A242E648400CDA1BA /* LaunchScreen.storyboard */; };
/* End PBXBuildFile section */

/* Begin PBXFileReference section */
		8DB148F9242E648100CDA1BA /* Login con CoreData.app */ = {isa = PBXFileReference; explicitFileType = wrapper.application; includeInIndex = 0; path = "Login con CoreData.app"; sourceTree = BUILT_PRODUCTS_DIR; };
		8DB148FC242E648100CDA1BA /* AppDelegate.swift */ = {isa = PBXFileReference; lastKnownFileType = sourcecode.swift; path = AppDelegate.swift; sourceTree = "<group>"; };
		8DB148FE242E648100CDA1BA /* SceneDelegate.swift */ = {isa = PBXFileReference; lastKnownFileType = sourcecode.swift; path = SceneDelegate.swift; sourceTree = "<group>"; };
		8DB14900242E648100CDA1BA /* ViewController.swift */ = {isa = PBXFileReference; lastKnownFileType = sourcecode.swift; path = ViewController.swift; sourceTree = "<group>"; };
		8DB14903242E648100CDA1BA /* Base */ = {isa = PBXFileReference; lastKnownFileType = file.storyboard; name = Base; path = Base.lproj/Main.storyboard; sourceTree = "<group>"; };
		8DB14906242E648100CDA1BA /* Login_con_CoreData.xcdatamodel */ = {isa = PBXFileReference; lastKnownFileType = wrapper.xcdatamodel; path = Login_con_CoreData.xcdatamodel; sourceTree = "<group>"; };
		8DB14908242E648400CDA1BA /* Assets.xcassets */ = {isa = PBXFileReference; lastKnownFileType = folder.assetcatalog; path = Assets.xcassets; sourceTree = "<group>"; };
		8DB1490B242E648400CDA1BA /* Base */ = {isa = PBXFileReference; lastKnownFileType = file.storyboard; name = Base; path = Base.lproj/LaunchScreen.storyboard; sourceTree = "<group>"; };
		8DB1490D242E648400CDA1BA /* Info.plist */ = {isa = PBXFileReference; lastKnownFileType = text.plist.xml; path = Info.plist; sourceTree = "<group>"; };
/* End PBXFileReference section */

/* Begin PBXFrameworksBuildPhase section */
		8DB148F6242E648100CDA1BA /* Frameworks */ = {
			isa = PBXFrameworksBuildPhase;
			buildActionMask = 2147483647;
			files = (
			);
			runOnlyForDeploymentPostprocessing = 0;
		};
/* End PBXFrameworksBuildPhase section */

/* Begin PBXGroup section */
		8DB148F0242E648100CDA1BA = {
			isa = PBXGroup;
			children = (
				8DB148FB242E648100CDA1BA /* Login con CoreData */,
				8DB148FA242E648100CDA1BA /* Products */,
			);
			sourceTree = "<group>";
		};
		8DB148FA242E648100CDA1BA /* Products */ = {
			isa = PBXGroup;
			children = (
				8DB148F9242E648100CDA1BA /* Login con CoreData.app */,
			);
			name = Products;
			sourceTree = "<group>";
		};
		8DB148FB242E648100CDA1BA /* Login con CoreData */ = {
			isa = PBXGroup;
			children = (
				8DB148FC242E648100CDA1BA /* AppDelegate.swift */,
				8DB148FE242E648100CDA1BA /* SceneDelegate.swift */,
				8DB14900242E648100CDA1BA /* ViewController.swift */,
				8DB14902242E648100CDA1BA /* Main.storyboard */,
				8DB14908242E648400CDA1BA /* Assets.xcassets */,
				8DB1490A242E648400CDA1BA /* LaunchScreen.storyboard */,
				8DB1490D242E648400CDA1BA /* Info.plist */,
				8DB14905242E648100CDA1BA /* Login_con_CoreData.xcdatamodeld */,
			);
			path = "Login con CoreData";
			sourceTree = "<group>";
		};
/* End PBXGroup section */

/* Begin PBXNativeTarget section */
		8DB148F8242E648100CDA1BA /* Login con CoreData */ = {
			isa = PBXNativeTarget;
			buildConfigurationList = 8DB14910242E648400CDA1BA /* Build configuration list for PBXNativeTarget "Login con CoreData" */;
			buildPhases = (
				8DB148F5242E648100CDA1BA /* Sources */,
				8DB148F6242E648100CDA1BA /* Frameworks */,
				8DB148F7242E648100CDA1BA /* Resources */,
			);
			buildRules = (
			);
			dependencies = (
			);
			name = "Login con CoreData";
			productName = "Login con CoreData";
			productReference = 8DB148F9242E648100CDA1BA /* Login con CoreData.app */;
			productType = "com.apple.product-type.application";
		};
/* End PBXNativeTarget section */

/* Begin PBXProject section */
		8DB148F1242E648100CDA1BA /* Project object */ = {
			isa = PBXProject;
			attributes = {
				LastSwiftUpdateCheck = 1140;
				LastUpgradeCheck = 1140;
				ORGANIZATIONNAME = UPV;
				TargetAttributes = {
					8DB148F8242E648100CDA1BA = {
						CreatedOnToolsVersion = 11.4;
					};
				};
			};
			buildConfigurationList = 8DB148F4242E648100CDA1BA /* Build configuration list for PBXProject "Login con CoreData" */;
			compatibilityVersion = "Xcode 9.3";
			developmentRegion = en;
			hasScannedForEncodings = 0;
			knownRegions = (
				en,
				Base,
			);
			mainGroup = 8DB148F0242E648100CDA1BA;
			productRefGroup = 8DB148FA242E648100CDA1BA /* Products */;
			projectDirPath = "";
			projectRoot = "";
			targets = (
				8DB148F8242E648100CDA1BA /* Login con CoreData */,
			);
		};
/* End PBXProject section */

/* Begin PBXResourcesBuildPhase section */
		8DB148F7242E648100CDA1BA /* Resources */ = {
			isa = PBXResourcesBuildPhase;
			buildActionMask = 2147483647;
			files = (
				8DB1490C242E648400CDA1BA /* LaunchScreen.storyboard in Resources */,
				8DB14909242E648400CDA1BA /* Assets.xcassets in Resources */,
				8DB14904242E648100CDA1BA /* Main.storyboard in Resources */,
			);
			runOnlyForDeploymentPostprocessing = 0;
		};
/* End PBXResourcesBuildPhase section */

/* Begin PBXSourcesBuildPhase section */
		8DB148F5242E648100CDA1BA /* Sources */ = {
			isa = PBXSourcesBuildPhase;
			buildActionMask = 2147483647;
			files = (
				8DB14901242E648100CDA1BA /* ViewController.swift in Sources */,
				8DB14907242E648100CDA1BA /* Login_con_CoreData.xcdatamodeld in Sources */,
				8DB148FD242E648100CDA1BA /* AppDelegate.swift in Sources */,
				8DB148FF242E648100CDA1BA /* SceneDelegate.swift in Sources */,
			);
			runOnlyForDeploymentPostprocessing = 0;
		};
/* End PBXSourcesBuildPhase section */

/* Begin PBXVariantGroup section */
		8DB14902242E648100CDA1BA /* Main.storyboard */ = {
			isa = PBXVariantGroup;
			children = (
				8DB14903242E648100CDA1BA /* Base */,
			);
			name = Main.storyboard;
			sourceTree = "<group>";
		};
		8DB1490A242E648400CDA1BA /* LaunchScreen.storyboard */ = {
			isa = PBXVariantGroup;
			children = (
				8DB1490B242E648400CDA1BA /* Base */,
			);
			name = LaunchScreen.storyboard;
			sourceTree = "<group>";
		};
/* End PBXVariantGroup section */

/* Begin XCBuildConfiguration section */
		8DB1490E242E648400CDA1BA /* Debug */ = {
			isa = XCBuildConfiguration;
			buildSettings = {
				ALWAYS_SEARCH_USER_PATHS = NO;
				CLANG_ANALYZER_NONNULL = YES;
				CLANG_ANALYZER_NUMBER_OBJECT_CONVERSION = YES_AGGRESSIVE;
				CLANG_CXX_LANGUAGE_STANDARD = "gnu++14";
				CLANG_CXX_LIBRARY = "libc++";
				CLANG_ENABLE_MODULES = YES;
				CLANG_ENABLE_OBJC_ARC = YES;
				CLANG_ENABLE_OBJC_WEAK = YES;
				CLANG_WARN_BLOCK_CAPTURE_AUTORELEASING = YES;
				CLANG_WARN_BOOL_CONVERSION = YES;
				CLANG_WARN_COMMA = YES;
				CLANG_WARN_CONSTANT_CONVERSION = YES;
				CLANG_WARN_DEPRECATED_OBJC_IMPLEMENTATIONS = YES;
				CLANG_WARN_DIRECT_OBJC_ISA_USAGE = YES_ERROR;
				CLANG_WARN_DOCUMENTATION_COMMENTS = YES;
				CLANG_WARN_EMPTY_BODY = YES;
				CLANG_WARN_ENUM_CONVERSION = YES;
				CLANG_WARN_INFINITE_RECURSION = YES;
				CLANG_WARN_INT_CONVERSION = YES;
				CLANG_WARN_NON_LITERAL_NULL_CONVERSION = YES;
				CLANG_WARN_OBJC_IMPLICIT_RETAIN_SELF = YES;
				CLANG_WARN_OBJC_LITERAL_CONVERSION = YES;
				CLANG_WARN_OBJC_ROOT_CLASS = YES_ERROR;
				CLANG_WARN_RANGE_LOOP_ANALYSIS = YES;
				CLANG_WARN_STRICT_PROTOTYPES = YES;
				CLANG_WARN_SUSPICIOUS_MOVE = YES;
				CLANG_WARN_UNGUARDED_AVAILABILITY = YES_AGGRESSIVE;
				CLANG_WARN_UNREACHABLE_CODE = YES;
				CLANG_WARN__DUPLICATE_METHOD_MATCH = YES;
				COPY_PHASE_STRIP = NO;
				DEBUG_INFORMATION_FORMAT = dwarf;
				ENABLE_STRICT_OBJC_MSGSEND = YES;
				ENABLE_TESTABILITY = YES;
				GCC_C_LANGUAGE_STANDARD = gnu11;
				GCC_DYNAMIC_NO_PIC = NO;
				GCC_NO_COMMON_BLOCKS = YES;
				GCC_OPTIMIZATION_LEVEL = 0;
				GCC_PREPROCESSOR_DEFINITIONS = (
					"DEBUG=1",
					"$(inherited)",
				);
				GCC_WARN_64_TO_32_BIT_CONVERSION = YES;
				GCC_WARN_ABOUT_RETURN_TYPE = YES_ERROR;
				GCC_WARN_UNDECLARED_SELECTOR = YES;
				GCC_WARN_UNINITIALIZED_AUTOS = YES_AGGRESSIVE;
				GCC_WARN_UNUSED_FUNCTION = YES;
				GCC_WARN_UNUSED_VARIABLE = YES;
				IPHONEOS_DEPLOYMENT_TARGET = 13.4;
				MTL_ENABLE_DEBUG_INFO = INCLUDE_SOURCE;
				MTL_FAST_MATH = YES;
				ONLY_ACTIVE_ARCH = YES;
				SDKROOT = iphoneos;
				SWIFT_ACTIVE_COMPILATION_CONDITIONS = DEBUG;
				SWIFT_OPTIMIZATION_LEVEL = "-Onone";
			};
			name = Debug;
		};
		8DB1490F242E648400CDA1BA /* Release */ = {
			isa = XCBuildConfiguration;
			buildSettings = {
				ALWAYS_SEARCH_USER_PATHS = NO;
				CLANG_ANALYZER_NONNULL = YES;
				CLANG_ANALYZER_NUMBER_OBJECT_CONVERSION = YES_AGGRESSIVE;
				CLANG_CXX_LANGUAGE_STANDARD = "gnu++14";
				CLANG_CXX_LIBRARY = "libc++";
				CLANG_ENABLE_MODULES = YES;
				CLANG_ENABLE_OBJC_ARC = YES;
				CLANG_ENABLE_OBJC_WEAK = YES;
				CLANG_WARN_BLOCK_CAPTURE_AUTORELEASING = YES;
				CLANG_WARN_BOOL_CONVERSION = YES;
				CLANG_WARN_COMMA = YES;
				CLANG_WARN_CONSTANT_CONVERSION = YES;
				CLANG_WARN_DEPRECATED_OBJC_IMPLEMENTATIONS = YES;
				CLANG_WARN_DIRECT_OBJC_ISA_USAGE = YES_ERROR;
				CLANG_WARN_DOCUMENTATION_COMMENTS = YES;
				CLANG_WARN_EMPTY_BODY = YES;
				CLANG_WARN_ENUM_CONVERSION = YES;
				CLANG_WARN_INFINITE_RECURSION = YES;
				CLANG_WARN_INT_CONVERSION = YES;
				CLANG_WARN_NON_LITERAL_NULL_CONVERSION = YES;
				CLANG_WARN_OBJC_IMPLICIT_RETAIN_SELF = YES;
				CLANG_WARN_OBJC_LITERAL_CONVERSION = YES;
				CLANG_WARN_OBJC_ROOT_CLASS = YES_ERROR;
				CLANG_WARN_RANGE_LOOP_ANALYSIS = YES;
				CLANG_WARN_STRICT_PROTOTYPES = YES;
				CLANG_WARN_SUSPICIOUS_MOVE = YES;
				CLANG_WARN_UNGUARDED_AVAILABILITY = YES_AGGRESSIVE;
				CLANG_WARN_UNREACHABLE_CODE = YES;
				CLANG_WARN__DUPLICATE_METHOD_MATCH = YES;
				COPY_PHASE_STRIP = NO;
				DEBUG_INFORMATION_FORMAT = "dwarf-with-dsym";
				ENABLE_NS_ASSERTIONS = NO;
				ENABLE_STRICT_OBJC_MSGSEND = YES;
				GCC_C_LANGUAGE_STANDARD = gnu11;
				GCC_NO_COMMON_BLOCKS = YES;
				GCC_WARN_64_TO_32_BIT_CONVERSION = YES;
				GCC_WARN_ABOUT_RETURN_TYPE = YES_ERROR;
				GCC_WARN_UNDECLARED_SELECTOR = YES;
				GCC_WARN_UNINITIALIZED_AUTOS = YES_AGGRESSIVE;
				GCC_WARN_UNUSED_FUNCTION = YES;
				GCC_WARN_UNUSED_VARIABLE = YES;
				IPHONEOS_DEPLOYMENT_TARGET = 13.4;
				MTL_ENABLE_DEBUG_INFO = NO;
				MTL_FAST_MATH = YES;
				SDKROOT = iphoneos;
				SWIFT_COMPILATION_MODE = wholemodule;
				SWIFT_OPTIMIZATION_LEVEL = "-O";
				VALIDATE_PRODUCT = YES;
			};
			name = Release;
		};
		8DB14911242E648400CDA1BA /* Debug */ = {
			isa = XCBuildConfiguration;
			buildSettings = {
				ASSETCATALOG_COMPILER_APPICON_NAME = AppIcon;
				CODE_SIGN_STYLE = Automatic;
				DEVELOPMENT_TEAM = HW235QZYJC;
				INFOPLIST_FILE = "Login con CoreData/Info.plist";
				LD_RUNPATH_SEARCH_PATHS = (
					"$(inherited)",
					"@executable_path/Frameworks",
				);
				PRODUCT_BUNDLE_IDENTIFIER = "es.upv.epsa.Login-con-CoreData";
				PRODUCT_NAME = "$(TARGET_NAME)";
				SWIFT_VERSION = 5.0;
				TARGETED_DEVICE_FAMILY = "1,2";
			};
			name = Debug;
		};
		8DB14912242E648400CDA1BA /* Release */ = {
			isa = XCBuildConfiguration;
			buildSettings = {
				ASSETCATALOG_COMPILER_APPICON_NAME = AppIcon;
				CODE_SIGN_STYLE = Automatic;
				DEVELOPMENT_TEAM = HW235QZYJC;
				INFOPLIST_FILE = "Login con CoreData/Info.plist";
				LD_RUNPATH_SEARCH_PATHS = (
					"$(inherited)",
					"@executable_path/Frameworks",
				);
				PRODUCT_BUNDLE_IDENTIFIER = "es.upv.epsa.Login-con-CoreData";
				PRODUCT_NAME = "$(TARGET_NAME)";
				SWIFT_VERSION = 5.0;
				TARGETED_DEVICE_FAMILY = "1,2";
			};
			name = Release;
		};
/* End XCBuildConfiguration section */

/* Begin XCConfigurationList section */
		8DB148F4242E648100CDA1BA /* Build configuration list for PBXProject "Login con CoreData" */ = {
			isa = XCConfigurationList;
			buildConfigurations = (
				8DB1490E242E648400CDA1BA /* Debug */,
				8DB1490F242E648400CDA1BA /* Release */,
			);
			defaultConfigurationIsVisible = 0;
			defaultConfigurationName = Release;
		};
		8DB14910242E648400CDA1BA /* Build configuration list for PBXNativeTarget "Login con CoreData" */ = {
			isa = XCConfigurationList;
			buildConfigurations = (
				8DB14911242E648400CDA1BA /* Debug */,
				8DB14912242E648400CDA1BA /* Release */,
			);
			defaultConfigurationIsVisible = 0;
			defaultConfigurationName = Release;
		};
/* End XCConfigurationList section */

/* Begin XCVersionGroup section */
		8DB14905242E648100CDA1BA /* Login_con_CoreData.xcdatamodeld */ = {
			isa = XCVersionGroup;
			children = (
				8DB14906242E648100CDA1BA /* Login_con_CoreData.xcdatamodel */,
			);
			currentVersion = 8DB14906242E648100CDA1BA /* Login_con_CoreData.xcdatamodel */;
			path = Login_con_CoreData.xcdatamodeld;
			sourceTree = "<group>";
			versionGroupType = wrapper.xcdatamodel;
		};
/* End XCVersionGroup section */
	};
	rootObject = 8DB148F1242E648100CDA1BA /* Project object */;
}
